// !$*UTF8*$!
{
	archiveVersion = 1;
	classes = {
	};
	objectVersion = 50;
	objects = {

/* Begin PBXBuildFile section */
		456E0CB72552258400EF0DE1 /* AppDelegate.swift in Sources */ = {isa = PBXBuildFile; fileRef = 456E0CB62552258400EF0DE1 /* AppDelegate.swift */; };
		456E0CB92552258400EF0DE1 /* SceneDelegate.swift in Sources */ = {isa = PBXBuildFile; fileRef = 456E0CB82552258400EF0DE1 /* SceneDelegate.swift */; };
		456E0CBB2552258400EF0DE1 /* ViewController.swift in Sources */ = {isa = PBXBuildFile; fileRef = 456E0CBA2552258400EF0DE1 /* ViewController.swift */; };
		456E0CBE2552258400EF0DE1 /* Main.storyboard in Resources */ = {isa = PBXBuildFile; fileRef = 456E0CBC2552258400EF0DE1 /* Main.storyboard */; };
		456E0CC02552258700EF0DE1 /* Assets.xcassets in Resources */ = {isa = PBXBuildFile; fileRef = 456E0CBF2552258700EF0DE1 /* Assets.xcassets */; };
		456E0CC32552258700EF0DE1 /* LaunchScreen.storyboard in Resources */ = {isa = PBXBuildFile; fileRef = 456E0CC12552258700EF0DE1 /* LaunchScreen.storyboard */; };
		456E0CCE2552258700EF0DE1 /* project3_JumanaTests.swift in Sources */ = {isa = PBXBuildFile; fileRef = 456E0CCD2552258700EF0DE1 /* project3_JumanaTests.swift */; };
		456E0CD92552258700EF0DE1 /* project3_JumanaUITests.swift in Sources */ = {isa = PBXBuildFile; fileRef = 456E0CD82552258700EF0DE1 /* project3_JumanaUITests.swift */; };
		45BE68022587F4F9009FC97D /* cardGame.swift in Sources */ = {isa = PBXBuildFile; fileRef = 45BE68012587F4F9009FC97D /* cardGame.swift */; };
		45BE680625884472009FC97D /* Card.swift in Sources */ = {isa = PBXBuildFile; fileRef = 45BE680525884472009FC97D /* Card.swift */; };
/* End PBXBuildFile section */

/* Begin PBXContainerItemProxy section */
		456E0CCA2552258700EF0DE1 /* PBXContainerItemProxy */ = {
			isa = PBXContainerItemProxy;
			containerPortal = 456E0CAB2552258400EF0DE1 /* Project object */;
			proxyType = 1;
			remoteGlobalIDString = 456E0CB22552258400EF0DE1;
			remoteInfo = project3_Jumana;
		};
		456E0CD52552258700EF0DE1 /* PBXContainerItemProxy */ = {
			isa = PBXContainerItemProxy;
			containerPortal = 456E0CAB2552258400EF0DE1 /* Project object */;
			proxyType = 1;
			remoteGlobalIDString = 456E0CB22552258400EF0DE1;
			remoteInfo = project3_Jumana;
		};
/* End PBXContainerItemProxy section */

/* Begin PBXFileReference section */
		456E0CB32552258400EF0DE1 /* project3_Jumana.app */ = {isa = PBXFileReference; explicitFileType = wrapper.application; includeInIndex = 0; path = project3_Jumana.app; sourceTree = BUILT_PRODUCTS_DIR; };
		456E0CB62552258400EF0DE1 /* AppDelegate.swift */ = {isa = PBXFileReference; lastKnownFileType = sourcecode.swift; path = AppDelegate.swift; sourceTree = "<group>"; };
		456E0CB82552258400EF0DE1 /* SceneDelegate.swift */ = {isa = PBXFileReference; lastKnownFileType = sourcecode.swift; path = SceneDelegate.swift; sourceTree = "<group>"; };
		456E0CBA2552258400EF0DE1 /* ViewController.swift */ = {isa = PBXFileReference; lastKnownFileType = sourcecode.swift; path = ViewController.swift; sourceTree = "<group>"; };
		456E0CBD2552258400EF0DE1 /* Base */ = {isa = PBXFileReference; lastKnownFileType = file.storyboard; name = Base; path = Base.lproj/Main.storyboard; sourceTree = "<group>"; };
		456E0CBF2552258700EF0DE1 /* Assets.xcassets */ = {isa = PBXFileReference; lastKnownFileType = folder.assetcatalog; path = Assets.xcassets; sourceTree = "<group>"; };
		456E0CC22552258700EF0DE1 /* Base */ = {isa = PBXFileReference; lastKnownFileType = file.storyboard; name = Base; path = Base.lproj/LaunchScreen.storyboard; sourceTree = "<group>"; };
		456E0CC42552258700EF0DE1 /* Info.plist */ = {isa = PBXFileReference; lastKnownFileType = text.plist.xml; path = Info.plist; sourceTree = "<group>"; };
		456E0CC92552258700EF0DE1 /* project3_JumanaTests.xctest */ = {isa = PBXFileReference; explicitFileType = wrapper.cfbundle; includeInIndex = 0; path = project3_JumanaTests.xctest; sourceTree = BUILT_PRODUCTS_DIR; };
		456E0CCD2552258700EF0DE1 /* project3_JumanaTests.swift */ = {isa = PBXFileReference; lastKnownFileType = sourcecode.swift; path = project3_JumanaTests.swift; sourceTree = "<group>"; };
		456E0CCF2552258700EF0DE1 /* Info.plist */ = {isa = PBXFileReference; lastKnownFileType = text.plist.xml; path = Info.plist; sourceTree = "<group>"; };
		456E0CD42552258700EF0DE1 /* project3_JumanaUITests.xctest */ = {isa = PBXFileReference; explicitFileType = wrapper.cfbundle; includeInIndex = 0; path = project3_JumanaUITests.xctest; sourceTree = BUILT_PRODUCTS_DIR; };
		456E0CD82552258700EF0DE1 /* project3_JumanaUITests.swift */ = {isa = PBXFileReference; lastKnownFileType = sourcecode.swift; path = project3_JumanaUITests.swift; sourceTree = "<group>"; };
		456E0CDA2552258700EF0DE1 /* Info.plist */ = {isa = PBXFileReference; lastKnownFileType = text.plist.xml; path = Info.plist; sourceTree = "<group>"; };
		45BE68012587F4F9009FC97D /* cardGame.swift */ = {isa = PBXFileReference; lastKnownFileType = sourcecode.swift; path = cardGame.swift; sourceTree = "<group>"; };
		45BE680525884472009FC97D /* Card.swift */ = {isa = PBXFileReference; lastKnownFileType = sourcecode.swift; path = Card.swift; sourceTree = "<group>"; };
/* End PBXFileReference section */

/* Begin PBXFrameworksBuildPhase section */
		456E0CB02552258400EF0DE1 /* Frameworks */ = {
			isa = PBXFrameworksBuildPhase;
			buildActionMask = 2147483647;
			files = (
			);
			runOnlyForDeploymentPostprocessing = 0;
		};
		456E0CC62552258700EF0DE1 /* Frameworks */ = {
			isa = PBXFrameworksBuildPhase;
			buildActionMask = 2147483647;
			files = (
			);
			runOnlyForDeploymentPostprocessing = 0;
		};
		456E0CD12552258700EF0DE1 /* Frameworks */ = {
			isa = PBXFrameworksBuildPhase;
			buildActionMask = 2147483647;
			files = (
			);
			runOnlyForDeploymentPostprocessing = 0;
		};
/* End PBXFrameworksBuildPhase section */

/* Begin PBXGroup section */
		456E0CAA2552258400EF0DE1 = {
			isa = PBXGroup;
			children = (
				456E0CB52552258400EF0DE1 /* project3_Jumana */,
				456E0CCC2552258700EF0DE1 /* project3_JumanaTests */,
				456E0CD72552258700EF0DE1 /* project3_JumanaUITests */,
				456E0CB42552258400EF0DE1 /* Products */,
			);
			sourceTree = "<group>";
		};
		456E0CB42552258400EF0DE1 /* Products */ = {
			isa = PBXGroup;
			children = (
				456E0CB32552258400EF0DE1 /* project3_Jumana.app */,
				456E0CC92552258700EF0DE1 /* project3_JumanaTests.xctest */,
				456E0CD42552258700EF0DE1 /* project3_JumanaUITests.xctest */,
			);
			name = Products;
			sourceTree = "<group>";
		};
		456E0CB52552258400EF0DE1 /* project3_Jumana */ = {
			isa = PBXGroup;
			children = (
				456E0CB62552258400EF0DE1 /* AppDelegate.swift */,
				456E0CB82552258400EF0DE1 /* SceneDelegate.swift */,
				456E0CBA2552258400EF0DE1 /* ViewController.swift */,
				45BE68012587F4F9009FC97D /* cardGame.swift */,
				45BE680525884472009FC97D /* Card.swift */,
				456E0CBC2552258400EF0DE1 /* Main.storyboard */,
				456E0CBF2552258700EF0DE1 /* Assets.xcassets */,
				456E0CC12552258700EF0DE1 /* LaunchScreen.storyboard */,
				456E0CC42552258700EF0DE1 /* Info.plist */,
			);
			path = project3_Jumana;
			sourceTree = "<group>";
		};
		456E0CCC2552258700EF0DE1 /* project3_JumanaTests */ = {
			isa = PBXGroup;
			children = (
				456E0CCD2552258700EF0DE1 /* project3_JumanaTests.swift */,
				456E0CCF2552258700EF0DE1 /* Info.plist */,
			);
			path = project3_JumanaTests;
			sourceTree = "<group>";
		};
		456E0CD72552258700EF0DE1 /* project3_JumanaUITests */ = {
			isa = PBXGroup;
			children = (
				456E0CD82552258700EF0DE1 /* project3_JumanaUITests.swift */,
				456E0CDA2552258700EF0DE1 /* Info.plist */,
			);
			path = project3_JumanaUITests;
			sourceTree = "<group>";
		};
/* End PBXGroup section */

/* Begin PBXNativeTarget section */
		456E0CB22552258400EF0DE1 /* project3_Jumana */ = {
			isa = PBXNativeTarget;
			buildConfigurationList = 456E0CDD2552258700EF0DE1 /* Build configuration list for PBXNativeTarget "project3_Jumana" */;
			buildPhases = (
				456E0CAF2552258400EF0DE1 /* Sources */,
				456E0CB02552258400EF0DE1 /* Frameworks */,
				456E0CB12552258400EF0DE1 /* Resources */,
			);
			buildRules = (
			);
			dependencies = (
			);
			name = project3_Jumana;
			productName = project3_Jumana;
			productReference = 456E0CB32552258400EF0DE1 /* project3_Jumana.app */;
			productType = "com.apple.product-type.application";
		};
		456E0CC82552258700EF0DE1 /* project3_JumanaTests */ = {
			isa = PBXNativeTarget;
			buildConfigurationList = 456E0CE02552258700EF0DE1 /* Build configuration list for PBXNativeTarget "project3_JumanaTests" */;
			buildPhases = (
				456E0CC52552258700EF0DE1 /* Sources */,
				456E0CC62552258700EF0DE1 /* Frameworks */,
				456E0CC72552258700EF0DE1 /* Resources */,
			);
			buildRules = (
			);
			dependencies = (
				456E0CCB2552258700EF0DE1 /* PBXTargetDependency */,
			);
			name = project3_JumanaTests;
			productName = project3_JumanaTests;
			productReference = 456E0CC92552258700EF0DE1 /* project3_JumanaTests.xctest */;
			productType = "com.apple.product-type.bundle.unit-test";
		};
		456E0CD32552258700EF0DE1 /* project3_JumanaUITests */ = {
			isa = PBXNativeTarget;
			buildConfigurationList = 456E0CE32552258700EF0DE1 /* Build configuration list for PBXNativeTarget "project3_JumanaUITests" */;
			buildPhases = (
				456E0CD02552258700EF0DE1 /* Sources */,
				456E0CD12552258700EF0DE1 /* Frameworks */,
				456E0CD22552258700EF0DE1 /* Resources */,
			);
			buildRules = (
			);
			dependencies = (
				456E0CD62552258700EF0DE1 /* PBXTargetDependency */,
			);
			name = project3_JumanaUITests;
			productName = project3_JumanaUITests;
			productReference = 456E0CD42552258700EF0DE1 /* project3_JumanaUITests.xctest */;
			productType = "com.apple.product-type.bundle.ui-testing";
		};
/* End PBXNativeTarget section */

/* Begin PBXProject section */
		456E0CAB2552258400EF0DE1 /* Project object */ = {
			isa = PBXProject;
			attributes = {
				LastSwiftUpdateCheck = 1150;
				LastUpgradeCheck = 1150;
				ORGANIZATIONNAME = "Jumana Rahman";
				TargetAttributes = {
					456E0CB22552258400EF0DE1 = {
						CreatedOnToolsVersion = 11.5;
					};
					456E0CC82552258700EF0DE1 = {
						CreatedOnToolsVersion = 11.5;
						TestTargetID = 456E0CB22552258400EF0DE1;
					};
					456E0CD32552258700EF0DE1 = {
						CreatedOnToolsVersion = 11.5;
						TestTargetID = 456E0CB22552258400EF0DE1;
					};
				};
			};
			buildConfigurationList = 456E0CAE2552258400EF0DE1 /* Build configuration list for PBXProject "project3_Jumana" */;
			compatibilityVersion = "Xcode 9.3";
			developmentRegion = en;
			hasScannedForEncodings = 0;
			knownRegions = (
				en,
				Base,
			);
			mainGroup = 456E0CAA2552258400EF0DE1;
			productRefGroup = 456E0CB42552258400EF0DE1 /* Products */;
			projectDirPath = "";
			projectRoot = "";
			targets = (
				456E0CB22552258400EF0DE1 /* project3_Jumana */,
				456E0CC82552258700EF0DE1 /* project3_JumanaTests */,
				456E0CD32552258700EF0DE1 /* project3_JumanaUITests */,
			);
		};
/* End PBXProject section */

/* Begin PBXResourcesBuildPhase section */
		456E0CB12552258400EF0DE1 /* Resources */ = {
			isa = PBXResourcesBuildPhase;
			buildActionMask = 2147483647;
			files = (
				456E0CC32552258700EF0DE1 /* LaunchScreen.storyboard in Resources */,
				456E0CC02552258700EF0DE1 /* Assets.xcassets in Resources */,
				456E0CBE2552258400EF0DE1 /* Main.storyboard in Resources */,
			);
			runOnlyForDeploymentPostprocessing = 0;
		};
		456E0CC72552258700EF0DE1 /* Resources */ = {
			isa = PBXResourcesBuildPhase;
			buildActionMask = 2147483647;
			files = (
			);
			runOnlyForDeploymentPostprocessing = 0;
		};
		456E0CD22552258700EF0DE1 /* Resources */ = {
			isa = PBXResourcesBuildPhase;
			buildActionMask = 2147483647;
			files = (
			);
			runOnlyForDeploymentPostprocessing = 0;
		};
/* End PBXResourcesBuildPhase section */

/* Begin PBXSourcesBuildPhase section */
		456E0CAF2552258400EF0DE1 /* Sources */ = {
			isa = PBXSourcesBuildPhase;
			buildActionMask = 2147483647;
			files = (
				45BE680625884472009FC97D /* Card.swift in Sources */,
				456E0CBB2552258400EF0DE1 /* ViewController.swift in Sources */,
				45BE68022587F4F9009FC97D /* cardGame.swift in Sources */,
				456E0CB72552258400EF0DE1 /* AppDelegate.swift in Sources */,
				456E0CB92552258400EF0DE1 /* SceneDelegate.swift in Sources */,
			);
			runOnlyForDeploymentPostprocessing = 0;
		};
		456E0CC52552258700EF0DE1 /* Sources */ = {
			isa = PBXSourcesBuildPhase;
			buildActionMask = 2147483647;
			files = (
				456E0CCE2552258700EF0DE1 /* project3_JumanaTests.swift in Sources */,
			);
			runOnlyForDeploymentPostprocessing = 0;
		};
		456E0CD02552258700EF0DE1 /* Sources */ = {
			isa = PBXSourcesBuildPhase;
			buildActionMask = 2147483647;
			files = (
				456E0CD92552258700EF0DE1 /* project3_JumanaUITests.swift in Sources */,
			);
			runOnlyForDeploymentPostprocessing = 0;
		};
/* End PBXSourcesBuildPhase section */

/* Begin PBXTargetDependency section */
		456E0CCB2552258700EF0DE1 /* PBXTargetDependency */ = {
			isa = PBXTargetDependency;
			target = 456E0CB22552258400EF0DE1 /* project3_Jumana */;
			targetProxy = 456E0CCA2552258700EF0DE1 /* PBXContainerItemProxy */;
		};
		456E0CD62552258700EF0DE1 /* PBXTargetDependency */ = {
			isa = PBXTargetDependency;
			target = 456E0CB22552258400EF0DE1 /* project3_Jumana */;
			targetProxy = 456E0CD52552258700EF0DE1 /* PBXContainerItemProxy */;
		};
/* End PBXTargetDependency section */

/* Begin PBXVariantGroup section */
		456E0CBC2552258400EF0DE1 /* Main.storyboard */ = {
			isa = PBXVariantGroup;
			children = (
				456E0CBD2552258400EF0DE1 /* Base */,
			);
			name = Main.storyboard;
			sourceTree = "<group>";
		};
		456E0CC12552258700EF0DE1 /* LaunchScreen.storyboard */ = {
			isa = PBXVariantGroup;
			children = (
				456E0CC22552258700EF0DE1 /* Base */,
			);
			name = LaunchScreen.storyboard;
			sourceTree = "<group>";
		};
/* End PBXVariantGroup section */

/* Begin XCBuildConfiguration section */
		456E0CDB2552258700EF0DE1 /* Debug */ = {
			isa = XCBuildConfiguration;
			buildSettings = {
				ALWAYS_SEARCH_USER_PATHS = NO;
				CLANG_ANALYZER_NONNULL = YES;
				CLANG_ANALYZER_NUMBER_OBJECT_CONVERSION = YES_AGGRESSIVE;
				CLANG_CXX_LANGUAGE_STANDARD = "gnu++14";
				CLANG_CXX_LIBRARY = "libc++";
				CLANG_ENABLE_MODULES = YES;
				CLANG_ENABLE_OBJC_ARC = YES;
				CLANG_ENABLE_OBJC_WEAK = YES;
				CLANG_WARN_BLOCK_CAPTURE_AUTORELEASING = YES;
				CLANG_WARN_BOOL_CONVERSION = YES;
				CLANG_WARN_COMMA = YES;
				CLANG_WARN_CONSTANT_CONVERSION = YES;
				CLANG_WARN_DEPRECATED_OBJC_IMPLEMENTATIONS = YES;
				CLANG_WARN_DIRECT_OBJC_ISA_USAGE = YES_ERROR;
				CLANG_WARN_DOCUMENTATION_COMMENTS = YES;
				CLANG_WARN_EMPTY_BODY = YES;
				CLANG_WARN_ENUM_CONVERSION = YES;
				CLANG_WARN_INFINITE_RECURSION = YES;
				CLANG_WARN_INT_CONVERSION = YES;
				CLANG_WARN_NON_LITERAL_NULL_CONVERSION = YES;
				CLANG_WARN_OBJC_IMPLICIT_RETAIN_SELF = YES;
				CLANG_WARN_OBJC_LITERAL_CONVERSION = YES;
				CLANG_WARN_OBJC_ROOT_CLASS = YES_ERROR;
				CLANG_WARN_RANGE_LOOP_ANALYSIS = YES;
				CLANG_WARN_STRICT_PROTOTYPES = YES;
				CLANG_WARN_SUSPICIOUS_MOVE = YES;
				CLANG_WARN_UNGUARDED_AVAILABILITY = YES_AGGRESSIVE;
				CLANG_WARN_UNREACHABLE_CODE = YES;
				CLANG_WARN__DUPLICATE_METHOD_MATCH = YES;
				COPY_PHASE_STRIP = NO;
				DEBUG_INFORMATION_FORMAT = dwarf;
				ENABLE_STRICT_OBJC_MSGSEND = YES;
				ENABLE_TESTABILITY = YES;
				GCC_C_LANGUAGE_STANDARD = gnu11;
				GCC_DYNAMIC_NO_PIC = NO;
				GCC_NO_COMMON_BLOCKS = YES;
				GCC_OPTIMIZATION_LEVEL = 0;
				GCC_PREPROCESSOR_DEFINITIONS = (
					"DEBUG=1",
					"$(inherited)",
				);
				GCC_WARN_64_TO_32_BIT_CONVERSION = YES;
				GCC_WARN_ABOUT_RETURN_TYPE = YES_ERROR;
				GCC_WARN_UNDECLARED_SELECTOR = YES;
				GCC_WARN_UNINITIALIZED_AUTOS = YES_AGGRESSIVE;
				GCC_WARN_UNUSED_FUNCTION = YES;
				GCC_WARN_UNUSED_VARIABLE = YES;
				IPHONEOS_DEPLOYMENT_TARGET = 13.5;
				MTL_ENABLE_DEBUG_INFO = INCLUDE_SOURCE;
				MTL_FAST_MATH = YES;
				ONLY_ACTIVE_ARCH = YES;
				SDKROOT = iphoneos;
				SWIFT_ACTIVE_COMPILATION_CONDITIONS = DEBUG;
				SWIFT_OPTIMIZATION_LEVEL = "-Onone";
			};
			name = Debug;
		};
		456E0CDC2552258700EF0DE1 /* Release */ = {
			isa = XCBuildConfiguration;
			buildSettings = {
				ALWAYS_SEARCH_USER_PATHS = NO;
				CLANG_ANALYZER_NONNULL = YES;
				CLANG_ANALYZER_NUMBER_OBJECT_CONVERSION = YES_AGGRESSIVE;
				CLANG_CXX_LANGUAGE_STANDARD = "gnu++14";
				CLANG_CXX_LIBRARY = "libc++";
				CLANG_ENABLE_MODULES = YES;
				CLANG_ENABLE_OBJC_ARC = YES;
				CLANG_ENABLE_OBJC_WEAK = YES;
				CLANG_WARN_BLOCK_CAPTURE_AUTORELEASING = YES;
				CLANG_WARN_BOOL_CONVERSION = YES;
				CLANG_WARN_COMMA = YES;
				CLANG_WARN_CONSTANT_CONVERSION = YES;
				CLANG_WARN_DEPRECATED_OBJC_IMPLEMENTATIONS = YES;
				CLANG_WARN_DIRECT_OBJC_ISA_USAGE = YES_ERROR;
				CLANG_WARN_DOCUMENTATION_COMMENTS = YES;
				CLANG_WARN_EMPTY_BODY = YES;
				CLANG_WARN_ENUM_CONVERSION = YES;
				CLANG_WARN_INFINITE_RECURSION = YES;
				CLANG_WARN_INT_CONVERSION = YES;
				CLANG_WARN_NON_LITERAL_NULL_CONVERSION = YES;
				CLANG_WARN_OBJC_IMPLICIT_RETAIN_SELF = YES;
				CLANG_WARN_OBJC_LITERAL_CONVERSION = YES;
				CLANG_WARN_OBJC_ROOT_CLASS = YES_ERROR;
				CLANG_WARN_RANGE_LOOP_ANALYSIS = YES;
				CLANG_WARN_STRICT_PROTOTYPES = YES;
				CLANG_WARN_SUSPICIOUS_MOVE = YES;
				CLANG_WARN_UNGUARDED_AVAILABILITY = YES_AGGRESSIVE;
				CLANG_WARN_UNREACHABLE_CODE = YES;
				CLANG_WARN__DUPLICATE_METHOD_MATCH = YES;
				COPY_PHASE_STRIP = NO;
				DEBUG_INFORMATION_FORMAT = "dwarf-with-dsym";
				ENABLE_NS_ASSERTIONS = NO;
				ENABLE_STRICT_OBJC_MSGSEND = YES;
				GCC_C_LANGUAGE_STANDARD = gnu11;
				GCC_NO_COMMON_BLOCKS = YES;
				GCC_WARN_64_TO_32_BIT_CONVERSION = YES;
				GCC_WARN_ABOUT_RETURN_TYPE = YES_ERROR;
				GCC_WARN_UNDECLARED_SELECTOR = YES;
				GCC_WARN_UNINITIALIZED_AUTOS = YES_AGGRESSIVE;
				GCC_WARN_UNUSED_FUNCTION = YES;
				GCC_WARN_UNUSED_VARIABLE = YES;
				IPHONEOS_DEPLOYMENT_TARGET = 13.5;
				MTL_ENABLE_DEBUG_INFO = NO;
				MTL_FAST_MATH = YES;
				SDKROOT = iphoneos;
				SWIFT_COMPILATION_MODE = wholemodule;
				SWIFT_OPTIMIZATION_LEVEL = "-O";
				VALIDATE_PRODUCT = YES;
			};
			name = Release;
		};
		456E0CDE2552258700EF0DE1 /* Debug */ = {
			isa = XCBuildConfiguration;
			buildSettings = {
				ASSETCATALOG_COMPILER_APPICON_NAME = AppIcon;
				CODE_SIGN_STYLE = Automatic;
				INFOPLIST_FILE = project3_Jumana/Info.plist;
				LD_RUNPATH_SEARCH_PATHS = (
					"$(inherited)",
					"@executable_path/Frameworks",
				);
				PRODUCT_BUNDLE_IDENTIFIER = "pride.hofstra.edu.project3-Jumana";
				PRODUCT_NAME = "$(TARGET_NAME)";
				SWIFT_VERSION = 5.0;
				TARGETED_DEVICE_FAMILY = "1,2";
			};
			name = Debug;
		};
		456E0CDF2552258700EF0DE1 /* Release */ = {
			isa = XCBuildConfiguration;
			buildSettings = {
				ASSETCATALOG_COMPILER_APPICON_NAME = AppIcon;
				CODE_SIGN_STYLE = Automatic;
				INFOPLIST_FILE = project3_Jumana/Info.plist;
				LD_RUNPATH_SEARCH_PATHS = (
					"$(inherited)",
					"@executable_path/Frameworks",
				);
				PRODUCT_BUNDLE_IDENTIFIER = "pride.hofstra.edu.project3-Jumana";
				PRODUCT_NAME = "$(TARGET_NAME)";
				SWIFT_VERSION = 5.0;
				TARGETED_DEVICE_FAMILY = "1,2";
			};
			name = Release;
		};
		456E0CE12552258700EF0DE1 /* Debug */ = {
			isa = XCBuildConfiguration;
			buildSettings = {
				ALWAYS_EMBED_SWIFT_STANDARD_LIBRARIES = YES;
				BUNDLE_LOADER = "$(TEST_HOST)";
				CODE_SIGN_STYLE = Automatic;
				INFOPLIST_FILE = project3_JumanaTests/Info.plist;
				IPHONEOS_DEPLOYMENT_TARGET = 13.5;
				LD_RUNPATH_SEARCH_PATHS = (
					"$(inherited)",
					"@executable_path/Frameworks",
					"@loader_path/Frameworks",
				);
				PRODUCT_BUNDLE_IDENTIFIER = "pride.hofstra.edu.project3-JumanaTests";
				PRODUCT_NAME = "$(TARGET_NAME)";
				SWIFT_VERSION = 5.0;
				TARGETED_DEVICE_FAMILY = "1,2";
				TEST_HOST = "$(BUILT_PRODUCTS_DIR)/project3_Jumana.app/project3_Jumana";
			};
			name = Debug;
		};
		456E0CE22552258700EF0DE1 /* Release */ = {
			isa = XCBuildConfiguration;
			buildSettings = {
				ALWAYS_EMBED_SWIFT_STANDARD_LIBRARIES = YES;
				BUNDLE_LOADER = "$(TEST_HOST)";
				CODE_SIGN_STYLE = Automatic;
				INFOPLIST_FILE = project3_JumanaTests/Info.plist;
				IPHONEOS_DEPLOYMENT_TARGET = 13.5;
				LD_RUNPATH_SEARCH_PATHS = (
					"$(inherited)",
					"@executable_path/Frameworks",
					"@loader_path/Frameworks",
				);
				PRODUCT_BUNDLE_IDENTIFIER = "pride.hofstra.edu.project3-JumanaTests";
				PRODUCT_NAME = "$(TARGET_NAME)";
				SWIFT_VERSION = 5.0;
				TARGETED_DEVICE_FAMILY = "1,2";
				TEST_HOST = "$(BUILT_PRODUCTS_DIR)/project3_Jumana.app/project3_Jumana";
			};
			name = Release;
		};
		456E0CE42552258700EF0DE1 /* Debug */ = {
			isa = XCBuildConfiguration;
			buildSettings = {
				ALWAYS_EMBED_SWIFT_STANDARD_LIBRARIES = YES;
				CODE_SIGN_STYLE = Automatic;
				INFOPLIST_FILE = project3_JumanaUITests/Info.plist;
				LD_RUNPATH_SEARCH_PATHS = (
					"$(inherited)",
					"@executable_path/Frameworks",
					"@loader_path/Frameworks",
				);
				PRODUCT_BUNDLE_IDENTIFIER = "pride.hofstra.edu.project3-JumanaUITests";
				PRODUCT_NAME = "$(TARGET_NAME)";
				SWIFT_VERSION = 5.0;
				TARGETED_DEVICE_FAMILY = "1,2";
				TEST_TARGET_NAME = project3_Jumana;
			};
			name = Debug;
		};
		456E0CE52552258700EF0DE1 /* Release */ = {
			isa = XCBuildConfiguration;
			buildSettings = {
				ALWAYS_EMBED_SWIFT_STANDARD_LIBRARIES = YES;
				CODE_SIGN_STYLE = Automatic;
				INFOPLIST_FILE = project3_JumanaUITests/Info.plist;
				LD_RUNPATH_SEARCH_PATHS = (
					"$(inherited)",
					"@executable_path/Frameworks",
					"@loader_path/Frameworks",
				);
				PRODUCT_BUNDLE_IDENTIFIER = "pride.hofstra.edu.project3-JumanaUITests";
				PRODUCT_NAME = "$(TARGET_NAME)";
				SWIFT_VERSION = 5.0;
				TARGETED_DEVICE_FAMILY = "1,2";
				TEST_TARGET_NAME = project3_Jumana;
			};
			name = Release;
		};
/* End XCBuildConfiguration section */

/* Begin XCConfigurationList section */
		456E0CAE2552258400EF0DE1 /* Build configuration list for PBXProject "project3_Jumana" */ = {
			isa = XCConfigurationList;
			buildConfigurations = (
				456E0CDB2552258700EF0DE1 /* Debug */,
				456E0CDC2552258700EF0DE1 /* Release */,
			);
			defaultConfigurationIsVisible = 0;
			defaultConfigurationName = Release;
		};
		456E0CDD2552258700EF0DE1 /* Build configuration list for PBXNativeTarget "project3_Jumana" */ = {
			isa = XCConfigurationList;
			buildConfigurations = (
				456E0CDE2552258700EF0DE1 /* Debug */,
				456E0CDF2552258700EF0DE1 /* Release */,
			);
			defaultConfigurationIsVisible = 0;
			defaultConfigurationName = Release;
		};
		456E0CE02552258700EF0DE1 /* Build configuration list for PBXNativeTarget "project3_JumanaTests" */ = {
			isa = XCConfigurationList;
			buildConfigurations = (
				456E0CE12552258700EF0DE1 /* Debug */,
				456E0CE22552258700EF0DE1 /* Release */,
			);
			defaultConfigurationIsVisible = 0;
			defaultConfigurationName = Release;
		};
		456E0CE32552258700EF0DE1 /* Build configuration list for PBXNativeTarget "project3_JumanaUITests" */ = {
			isa = XCConfigurationList;
			buildConfigurations = (
				456E0CE42552258700EF0DE1 /* Debug */,
				456E0CE52552258700EF0DE1 /* Release */,
			);
			defaultConfigurationIsVisible = 0;
			defaultConfigurationName = Release;
		};
/* End XCConfigurationList section */
	};
	rootObject = 456E0CAB2552258400EF0DE1 /* Project object */;
}
